
Microsoft Visual Studio Solution File, Format Version 12.00
# Visual Studio 15
VisualStudioVersion = 15.0.28307.902
MinimumVisualStudioVersion = 10.0.40219.1
Project("{FAE04EC0-301F-11D3-BF4B-00C04F79EFBC}") = "MarsRover", "Mars Rover\MarsRover.csproj", "{097459BC-3FC0-4C6E-96F6-3E2F3FE4BA84}"
EndProject
Project("{FAE04EC0-301F-11D3-BF4B-00C04F79EFBC}") = "MarsRoverTest", "MarsRoverTest\MarsRoverTest.csproj", "{009F53FD-D70C-4CFA-823B-35F325410AB9}"
EndProject
Global
	GlobalSection(SolutionConfigurationPlatforms) = preSolution
		Debug|Any CPU = Debug|Any CPU
		Release|Any CPU = Release|Any CPU
	EndGlobalSection
	GlobalSection(ProjectConfigurationPlatforms) = postSolution
		{097459BC-3FC0-4C6E-96F6-3E2F3FE4BA84}.Debug|Any CPU.ActiveCfg = Debug|Any CPU
		{097459BC-3FC0-4C6E-96F6-3E2F3FE4BA84}.Debug|Any CPU.Build.0 = Debug|Any CPU
		{097459BC-3FC0-4C6E-96F6-3E2F3FE4BA84}.Release|Any CPU.ActiveCfg = Release|Any CPU
		{097459BC-3FC0-4C6E-96F6-3E2F3FE4BA84}.Release|Any CPU.Build.0 = Release|Any CPU
		{009F53FD-D70C-4CFA-823B-35F325410AB9}.Debug|Any CPU.ActiveCfg = Debug|Any CPU
		{009F53FD-D70C-4CFA-823B-35F325410AB9}.Debug|Any CPU.Build.0 = Debug|Any CPU
		{009F53FD-D70C-4CFA-823B-35F325410AB9}.Release|Any CPU.ActiveCfg = Release|Any CPU
		{009F53FD-D70C-4CFA-823B-35F325410AB9}.Release|Any CPU.Build.0 = Release|Any CPU
	EndGlobalSection
	GlobalSection(SolutionProperties) = preSolution
		HideSolutionNode = FALSE
	EndGlobalSection
	GlobalSection(ExtensibilityGlobals) = postSolution
		SolutionGuid = {918CDCC3-12F7-488A-8F61-91F2DE2B77C4}
	EndGlobalSection
EndGlobal
